
Microsoft Visual Studio Solution File, Format Version 12.00
Project("{2150E333-8FDC-42A3-9474-1A3956D46DE8}") = "Saga", "Saga", "{78257466-B798-4AC3-888B-52CD9B8B7A3D}"
EndProject
Project("{2150E333-8FDC-42A3-9474-1A3956D46DE8}") = "2PC", "2PC", "{5067F9D9-E302-48E0-B6E1-56F5C442532B}"
EndProject
Project("{2150E333-8FDC-42A3-9474-1A3956D46DE8}") = "Saga.Auth", "Saga.Auth", "{5F719435-D040-47A3-B534-FD1E7520C4DB}"
EndProject
Project("{2150E333-8FDC-42A3-9474-1A3956D46DE8}") = "Saga.Accounts", "Saga.Accounts", "{D9D74097-EA4F-4FD9-B203-CCD47BEB70C0}"
EndProject
Project("{2150E333-8FDC-42A3-9474-1A3956D46DE8}") = "2PC.Auth", "2PC.Auth", "{F87C5F87-A842-42F6-8690-4331B33E2068}"
EndProject
Project("{2150E333-8FDC-42A3-9474-1A3956D46DE8}") = "2PC.Accounts", "2PC.Accounts", "{42D64D93-114D-4BCD-BFAE-1181095B0941}"
EndProject
Project("{FAE04EC0-301F-11D3-BF4B-00C04F79EFBC}") = "Saga.Accounts.API", "Saga.Accounts.API\Saga.Accounts.API.csproj", "{1AFAAAA9-4020-4D25-8955-9555F8B61A32}"
EndProject
Project("{FAE04EC0-301F-11D3-BF4B-00C04F79EFBC}") = "Saga.Auth.API", "Saga.Auth.API\Saga.Auth.API.csproj", "{A8F62E02-8C2F-443F-AB6C-D10B2DFD3ED5}"
EndProject
Project("{2150E333-8FDC-42A3-9474-1A3956D46DE8}") = "Common", "Common", "{BEC2DA12-275C-4AF2-8237-04C322BB4B08}"
EndProject
Project("{FAE04EC0-301F-11D3-BF4B-00C04F79EFBC}") = "Common", "Common\Common.csproj", "{355118C3-D187-48F8-8C82-CC7D0648BDBE}"
EndProject
Global
	GlobalSection(SolutionConfigurationPlatforms) = preSolution
		Debug|Any CPU = Debug|Any CPU
		Release|Any CPU = Release|Any CPU
	EndGlobalSection
	GlobalSection(NestedProjects) = preSolution
		{5F719435-D040-47A3-B534-FD1E7520C4DB} = {78257466-B798-4AC3-888B-52CD9B8B7A3D}
		{D9D74097-EA4F-4FD9-B203-CCD47BEB70C0} = {78257466-B798-4AC3-888B-52CD9B8B7A3D}
		{F87C5F87-A842-42F6-8690-4331B33E2068} = {5067F9D9-E302-48E0-B6E1-56F5C442532B}
		{42D64D93-114D-4BCD-BFAE-1181095B0941} = {5067F9D9-E302-48E0-B6E1-56F5C442532B}
		{1AFAAAA9-4020-4D25-8955-9555F8B61A32} = {D9D74097-EA4F-4FD9-B203-CCD47BEB70C0}
		{A8F62E02-8C2F-443F-AB6C-D10B2DFD3ED5} = {5F719435-D040-47A3-B534-FD1E7520C4DB}
		{355118C3-D187-48F8-8C82-CC7D0648BDBE} = {BEC2DA12-275C-4AF2-8237-04C322BB4B08}
	EndGlobalSection
	GlobalSection(ProjectConfigurationPlatforms) = postSolution
		{1AFAAAA9-4020-4D25-8955-9555F8B61A32}.Debug|Any CPU.ActiveCfg = Debug|Any CPU
		{1AFAAAA9-4020-4D25-8955-9555F8B61A32}.Debug|Any CPU.Build.0 = Debug|Any CPU
		{1AFAAAA9-4020-4D25-8955-9555F8B61A32}.Release|Any CPU.ActiveCfg = Release|Any CPU
		{1AFAAAA9-4020-4D25-8955-9555F8B61A32}.Release|Any CPU.Build.0 = Release|Any CPU
		{A8F62E02-8C2F-443F-AB6C-D10B2DFD3ED5}.Debug|Any CPU.ActiveCfg = Debug|Any CPU
		{A8F62E02-8C2F-443F-AB6C-D10B2DFD3ED5}.Debug|Any CPU.Build.0 = Debug|Any CPU
		{A8F62E02-8C2F-443F-AB6C-D10B2DFD3ED5}.Release|Any CPU.ActiveCfg = Release|Any CPU
		{A8F62E02-8C2F-443F-AB6C-D10B2DFD3ED5}.Release|Any CPU.Build.0 = Release|Any CPU
		{355118C3-D187-48F8-8C82-CC7D0648BDBE}.Debug|Any CPU.ActiveCfg = Debug|Any CPU
		{355118C3-D187-48F8-8C82-CC7D0648BDBE}.Debug|Any CPU.Build.0 = Debug|Any CPU
		{355118C3-D187-48F8-8C82-CC7D0648BDBE}.Release|Any CPU.ActiveCfg = Release|Any CPU
		{355118C3-D187-48F8-8C82-CC7D0648BDBE}.Release|Any CPU.Build.0 = Release|Any CPU
	EndGlobalSection
EndGlobal
