
Microsoft Visual Studio Solution File, Format Version 12.00
Project("{FAE04EC0-301F-11D3-BF4B-00C04F79EFBC}") = "Orders.Management", "Orders.Management\Orders.Management.csproj", "{BCFC7C2B-8C92-47C0-AC1F-4C43CABD8D7C}"
EndProject
Project("{FAE04EC0-301F-11D3-BF4B-00C04F79EFBC}") = "Orders.Delivery", "Orders.Delivery\Orders.Delivery.csproj", "{D952FEF2-1DB6-4A1E-80DB-F0B004292FE0}"
EndProject
Project("{FAE04EC0-301F-11D3-BF4B-00C04F79EFBC}") = "Orders.OutboxProcessor", "Orders.OutboxProcessor\Orders.OutboxProcessor.csproj", "{8B99FBD2-2F70-4D20-B418-E9022C28862E}"
EndProject
Project("{FAE04EC0-301F-11D3-BF4B-00C04F79EFBC}") = "Orders.Common", "Orders.Common\Orders.Common.csproj", "{509BE8C7-DB0E-43AB-965C-DBC5141F44E9}"
EndProject
Global
	GlobalSection(SolutionConfigurationPlatforms) = preSolution
		Debug|Any CPU = Debug|Any CPU
		Release|Any CPU = Release|Any CPU
	EndGlobalSection
	GlobalSection(ProjectConfigurationPlatforms) = postSolution
		{BCFC7C2B-8C92-47C0-AC1F-4C43CABD8D7C}.Debug|Any CPU.ActiveCfg = Debug|Any CPU
		{BCFC7C2B-8C92-47C0-AC1F-4C43CABD8D7C}.Debug|Any CPU.Build.0 = Debug|Any CPU
		{BCFC7C2B-8C92-47C0-AC1F-4C43CABD8D7C}.Release|Any CPU.ActiveCfg = Release|Any CPU
		{BCFC7C2B-8C92-47C0-AC1F-4C43CABD8D7C}.Release|Any CPU.Build.0 = Release|Any CPU
		{D952FEF2-1DB6-4A1E-80DB-F0B004292FE0}.Debug|Any CPU.ActiveCfg = Debug|Any CPU
		{D952FEF2-1DB6-4A1E-80DB-F0B004292FE0}.Debug|Any CPU.Build.0 = Debug|Any CPU
		{D952FEF2-1DB6-4A1E-80DB-F0B004292FE0}.Release|Any CPU.ActiveCfg = Release|Any CPU
		{D952FEF2-1DB6-4A1E-80DB-F0B004292FE0}.Release|Any CPU.Build.0 = Release|Any CPU
		{8B99FBD2-2F70-4D20-B418-E9022C28862E}.Debug|Any CPU.ActiveCfg = Debug|Any CPU
		{8B99FBD2-2F70-4D20-B418-E9022C28862E}.Debug|Any CPU.Build.0 = Debug|Any CPU
		{8B99FBD2-2F70-4D20-B418-E9022C28862E}.Release|Any CPU.ActiveCfg = Release|Any CPU
		{8B99FBD2-2F70-4D20-B418-E9022C28862E}.Release|Any CPU.Build.0 = Release|Any CPU
		{509BE8C7-DB0E-43AB-965C-DBC5141F44E9}.Debug|Any CPU.ActiveCfg = Debug|Any CPU
		{509BE8C7-DB0E-43AB-965C-DBC5141F44E9}.Debug|Any CPU.Build.0 = Debug|Any CPU
		{509BE8C7-DB0E-43AB-965C-DBC5141F44E9}.Release|Any CPU.ActiveCfg = Release|Any CPU
		{509BE8C7-DB0E-43AB-965C-DBC5141F44E9}.Release|Any CPU.Build.0 = Release|Any CPU
	EndGlobalSection
EndGlobal
